
Microsoft Visual Studio Solution File, Format Version 12.00
# Visual Studio Version 17
VisualStudioVersion = 17.7.34024.191
MinimumVisualStudioVersion = 10.0.40219.1
Project("{FAE04EC0-301F-11D3-BF4B-00C04F79EFBC}") = "TelegramBot", "TelegramBot\TelegramBot.csproj", "{9487E069-DFEF-4529-B18F-61F4D6629014}"
EndProject
Global
	GlobalSection(SolutionConfigurationPlatforms) = preSolution
		Debug|Any CPU = Debug|Any CPU
		Release|Any CPU = Release|Any CPU
	EndGlobalSection
	GlobalSection(ProjectConfigurationPlatforms) = postSolution
		{9487E069-DFEF-4529-B18F-61F4D6629014}.Debug|Any CPU.ActiveCfg = Debug|Any CPU
		{9487E069-DFEF-4529-B18F-61F4D6629014}.Debug|Any CPU.Build.0 = Debug|Any CPU
		{9487E069-DFEF-4529-B18F-61F4D6629014}.Release|Any CPU.ActiveCfg = Release|Any CPU
		{9487E069-DFEF-4529-B18F-61F4D6629014}.Release|Any CPU.Build.0 = Release|Any CPU
	EndGlobalSection
	GlobalSection(SolutionProperties) = preSolution
		HideSolutionNode = FALSE
	EndGlobalSection
	GlobalSection(ExtensibilityGlobals) = postSolution
		SolutionGuid = {516CBBDC-247A-4060-AF02-F2D6A698D9C7}
	EndGlobalSection
EndGlobal
